// !$*UTF8*$!
{
	archiveVersion = 1;
	classes = {
	};
	objectVersion = 70;
	objects = {

/* Begin PBXBuildFile section */
		EB02EAA12E72E23700F07AD7 /* DataManager.swift in Sources */ = {isa = PBXBuildFile; fileRef = EB02EAA02E72E22A00F07AD7 /* DataManager.swift */; };
		EB02EAA52E73412800F07AD7 /* DataManagerDelegate.swift in Sources */ = {isa = PBXBuildFile; fileRef = EB02EAA42E73411F00F07AD7 /* DataManagerDelegate.swift */; };
		EB0546A72E821C3C0099F876 /* CategoryViewModel.swift in Sources */ = {isa = PBXBuildFile; fileRef = EB0546A62E821C380099F876 /* CategoryViewModel.swift */; };
		EB0600902E904D630048746C /* StatisticCollectionViewCell.swift in Sources */ = {isa = PBXBuildFile; fileRef = EB06008F2E904D4B0048746C /* StatisticCollectionViewCell.swift */; };
		EB18C7372DE90AEC00F2AB56 /* TrackerTypeViewController.swift in Sources */ = {isa = PBXBuildFile; fileRef = EB18C7362DE90AEC00F2AB56 /* TrackerTypeViewController.swift */; };
		EB20A6102E12EEB300695628 /* TrackerCollectionViewCell.swift in Sources */ = {isa = PBXBuildFile; fileRef = EB20A60F2E12EE9900695628 /* TrackerCollectionViewCell.swift */; };
		EB2D905A2DEF380000A92017 /* TextFieldTableViewCell.swift in Sources */ = {isa = PBXBuildFile; fileRef = EB2D90592DEF380000A92017 /* TextFieldTableViewCell.swift */; };
		EB3797F32E8425D900FA7186 /* OnboardingViewController.swift in Sources */ = {isa = PBXBuildFile; fileRef = EB3797F22E8425CC00FA7186 /* OnboardingViewController.swift */; };
		EB3797F62E84351000FA7186 /* FirstOnboardingViewController.swift in Sources */ = {isa = PBXBuildFile; fileRef = EB3797F52E8434FE00FA7186 /* FirstOnboardingViewController.swift */; };
		EB3797F82E84352200FA7186 /* SecondOnboardingViewController.swift in Sources */ = {isa = PBXBuildFile; fileRef = EB3797F72E84351600FA7186 /* SecondOnboardingViewController.swift */; };
		EB4B67F42E1ADEC60030F796 /* EmojiCollectionViewCell.swift in Sources */ = {isa = PBXBuildFile; fileRef = EB4B67F32E1ADEA50030F796 /* EmojiCollectionViewCell.swift */; };
		EB4B67F62E1ADED20030F796 /* ColorCollectionViewCell.swift in Sources */ = {isa = PBXBuildFile; fileRef = EB4B67F52E1ADEC90030F796 /* ColorCollectionViewCell.swift */; };
		EB4B6C972E97EB44004E4018 /* InlineSnapshotTesting in Frameworks */ = {isa = PBXBuildFile; productRef = EB4B6C962E97EB44004E4018 /* InlineSnapshotTesting */; };
		EB4B6C992E97EB44004E4018 /* SnapshotTesting in Frameworks */ = {isa = PBXBuildFile; productRef = EB4B6C982E97EB44004E4018 /* SnapshotTesting */; };
		EB4B6C9B2E97EB44004E4018 /* SnapshotTestingCustomDump in Frameworks */ = {isa = PBXBuildFile; productRef = EB4B6C9A2E97EB44004E4018 /* SnapshotTestingCustomDump */; };
		EB4F8F6C2E95BCB9001D690C /* FiltersViewController.swift in Sources */ = {isa = PBXBuildFile; fileRef = EB4F8F6B2E95BCA3001D690C /* FiltersViewController.swift */; };
		EB4F8F6E2E95BF0F001D690C /* FiltersTableViewCell.swift in Sources */ = {isa = PBXBuildFile; fileRef = EB4F8F6D2E95BF02001D690C /* FiltersTableViewCell.swift */; };
		EB528B352DAAE2E20036FA05 /* Tracker.swift in Sources */ = {isa = PBXBuildFile; fileRef = EB528B342DAAE2E20036FA05 /* Tracker.swift */; };
		EB528B372DAAE2F20036FA05 /* TrackerCategory.swift in Sources */ = {isa = PBXBuildFile; fileRef = EB528B362DAAE2F20036FA05 /* TrackerCategory.swift */; };
		EB528B392DAAE2FD0036FA05 /* TrackerRecord.swift in Sources */ = {isa = PBXBuildFile; fileRef = EB528B382DAAE2FD0036FA05 /* TrackerRecord.swift */; };
		EB55B9862E71E03300229E4B /* TrackerStore.swift in Sources */ = {isa = PBXBuildFile; fileRef = EB55B9852E71E02F00229E4B /* TrackerStore.swift */; };
		EB55B9882E71E05200229E4B /* TrackerCategoryStore.swift in Sources */ = {isa = PBXBuildFile; fileRef = EB55B9872E71E05100229E4B /* TrackerCategoryStore.swift */; };
		EB55B98A2E71E41A00229E4B /* TrackerRecordStore.swift in Sources */ = {isa = PBXBuildFile; fileRef = EB55B9892E71E41900229E4B /* TrackerRecordStore.swift */; };
		EB6F5A9F2E79E298000FEDC6 /* CreatingNewCategoryViewController.swift in Sources */ = {isa = PBXBuildFile; fileRef = EB6F5A9E2E79E27C000FEDC6 /* CreatingNewCategoryViewController.swift */; };
		EB70A40C2DEA5E5C00E5F441 /* CreatingTrackersViewController.swift in Sources */ = {isa = PBXBuildFile; fileRef = EB70A40B2DEA5E5C00E5F441 /* CreatingTrackersViewController.swift */; };
		EB7E8A812E13F63600FD822A /* TrackerSectionHeaderView.swift in Sources */ = {isa = PBXBuildFile; fileRef = EB7E8A802E13F63400FD822A /* TrackerSectionHeaderView.swift */; };
		EB80F51C2DF192BC00F33B7E /* ScheduleTableViewCell.swift in Sources */ = {isa = PBXBuildFile; fileRef = EB80F51B2DF192BC00F33B7E /* ScheduleTableViewCell.swift */; };
		EB9233DA2E8F452000EA6214 /* Localizable.stringsdict in Resources */ = {isa = PBXBuildFile; fileRef = EB9233D82E8F452000EA6214 /* Localizable.stringsdict */; };
		EB95C0972E75AE440089297F /* UIColor + ext.swift in Sources */ = {isa = PBXBuildFile; fileRef = EB95C0962E75AE3C0089297F /* UIColor + ext.swift */; };
		EB9DD2D02D9464B400B4AD5F /* TabBarController.swift in Sources */ = {isa = PBXBuildFile; fileRef = EB9DD2CF2D9464B400B4AD5F /* TabBarController.swift */; };
		EB9DD2D22D9469A400B4AD5F /* TrackerViewController.swift in Sources */ = {isa = PBXBuildFile; fileRef = EB9DD2D12D9469A400B4AD5F /* TrackerViewController.swift */; };
		EB9DD2D42D9469C400B4AD5F /* StatisticViewController.swift in Sources */ = {isa = PBXBuildFile; fileRef = EB9DD2D32D9469C400B4AD5F /* StatisticViewController.swift */; };
		EBA2686F2DF0918E006C3600 /* ScheduleViewController.swift in Sources */ = {isa = PBXBuildFile; fileRef = EBA2686E2DF0918E006C3600 /* ScheduleViewController.swift */; };
		EBBC380F2E8ADD0E00D160A7 /* Localizable.strings in Resources */ = {isa = PBXBuildFile; fileRef = EBBC380D2E8ADD0E00D160A7 /* Localizable.strings */; };
		EBDA92042E783B90002A38A1 /* CategoryViewController.swift in Sources */ = {isa = PBXBuildFile; fileRef = EBDA92032E783B5E002A38A1 /* CategoryViewController.swift */; };
		EBDA92072E784698002A38A1 /* CategoryTableViewCell.swift in Sources */ = {isa = PBXBuildFile; fileRef = EBDA92062E784688002A38A1 /* CategoryTableViewCell.swift */; };
		EBDB5EE52E6E35B700ABEC1A /* TrackerCoreData.xcdatamodeld in Sources */ = {isa = PBXBuildFile; fileRef = EBDB5EE32E6E35B700ABEC1A /* TrackerCoreData.xcdatamodeld */; };
		EBE31AA72E9496D300B30398 /* StatisticService.swift in Sources */ = {isa = PBXBuildFile; fileRef = EBE31AA62E9496D200B30398 /* StatisticService.swift */; };
		EBE7BBFF2D920B7F00006499 /* AppDelegate.swift in Sources */ = {isa = PBXBuildFile; fileRef = EBE7BBFE2D920B7F00006499 /* AppDelegate.swift */; };
		EBE7BC012D920B7F00006499 /* SceneDelegate.swift in Sources */ = {isa = PBXBuildFile; fileRef = EBE7BC002D920B7F00006499 /* SceneDelegate.swift */; };
		EBE7BC082D920B8100006499 /* Assets.xcassets in Resources */ = {isa = PBXBuildFile; fileRef = EBE7BC072D920B8100006499 /* Assets.xcassets */; };
		EBE7BC0B2D920B8100006499 /* Base in Resources */ = {isa = PBXBuildFile; fileRef = EBE7BC0A2D920B8100006499 /* Base */; };
		EBFF09A12E1D2EFE00803D97 /* CreatingCollectionHeaderView.swift in Sources */ = {isa = PBXBuildFile; fileRef = EBFF09A02E1D2EFD00803D97 /* CreatingCollectionHeaderView.swift */; };
/* End PBXBuildFile section */

/* Begin PBXContainerItemProxy section */
		EB4B6C902E97E9E5004E4018 /* PBXContainerItemProxy */ = {
			isa = PBXContainerItemProxy;
			containerPortal = EBE7BBF32D920B7F00006499 /* Project object */;
			proxyType = 1;
			remoteGlobalIDString = EBE7BBFA2D920B7F00006499;
			remoteInfo = Tracker;
		};
/* End PBXContainerItemProxy section */

/* Begin PBXFileReference section */
		EB02EAA02E72E22A00F07AD7 /* DataManager.swift */ = {isa = PBXFileReference; lastKnownFileType = sourcecode.swift; path = DataManager.swift; sourceTree = "<group>"; };
		EB02EAA42E73411F00F07AD7 /* DataManagerDelegate.swift */ = {isa = PBXFileReference; lastKnownFileType = sourcecode.swift; path = DataManagerDelegate.swift; sourceTree = "<group>"; };
		EB0546A62E821C380099F876 /* CategoryViewModel.swift */ = {isa = PBXFileReference; lastKnownFileType = sourcecode.swift; path = CategoryViewModel.swift; sourceTree = "<group>"; };
		EB06008F2E904D4B0048746C /* StatisticCollectionViewCell.swift */ = {isa = PBXFileReference; lastKnownFileType = sourcecode.swift; path = StatisticCollectionViewCell.swift; sourceTree = "<group>"; };
		EB18C7362DE90AEC00F2AB56 /* TrackerTypeViewController.swift */ = {isa = PBXFileReference; lastKnownFileType = sourcecode.swift; path = TrackerTypeViewController.swift; sourceTree = "<group>"; };
		EB20A60F2E12EE9900695628 /* TrackerCollectionViewCell.swift */ = {isa = PBXFileReference; lastKnownFileType = sourcecode.swift; path = TrackerCollectionViewCell.swift; sourceTree = "<group>"; };
		EB2D90592DEF380000A92017 /* TextFieldTableViewCell.swift */ = {isa = PBXFileReference; lastKnownFileType = sourcecode.swift; path = TextFieldTableViewCell.swift; sourceTree = "<group>"; };
		EB3797F22E8425CC00FA7186 /* OnboardingViewController.swift */ = {isa = PBXFileReference; lastKnownFileType = sourcecode.swift; path = OnboardingViewController.swift; sourceTree = "<group>"; };
		EB3797F52E8434FE00FA7186 /* FirstOnboardingViewController.swift */ = {isa = PBXFileReference; lastKnownFileType = sourcecode.swift; path = FirstOnboardingViewController.swift; sourceTree = "<group>"; };
		EB3797F72E84351600FA7186 /* SecondOnboardingViewController.swift */ = {isa = PBXFileReference; lastKnownFileType = sourcecode.swift; path = SecondOnboardingViewController.swift; sourceTree = "<group>"; };
		EB4B67F32E1ADEA50030F796 /* EmojiCollectionViewCell.swift */ = {isa = PBXFileReference; lastKnownFileType = sourcecode.swift; path = EmojiCollectionViewCell.swift; sourceTree = "<group>"; };
		EB4B67F52E1ADEC90030F796 /* ColorCollectionViewCell.swift */ = {isa = PBXFileReference; lastKnownFileType = sourcecode.swift; path = ColorCollectionViewCell.swift; sourceTree = "<group>"; };
		EB4B6C8C2E97E9E5004E4018 /* TrackerTests.xctest */ = {isa = PBXFileReference; explicitFileType = wrapper.cfbundle; includeInIndex = 0; path = TrackerTests.xctest; sourceTree = BUILT_PRODUCTS_DIR; };
		EB4F8F6B2E95BCA3001D690C /* FiltersViewController.swift */ = {isa = PBXFileReference; lastKnownFileType = sourcecode.swift; path = FiltersViewController.swift; sourceTree = "<group>"; };
		EB4F8F6D2E95BF02001D690C /* FiltersTableViewCell.swift */ = {isa = PBXFileReference; lastKnownFileType = sourcecode.swift; path = FiltersTableViewCell.swift; sourceTree = "<group>"; };
		EB528B342DAAE2E20036FA05 /* Tracker.swift */ = {isa = PBXFileReference; lastKnownFileType = sourcecode.swift; path = Tracker.swift; sourceTree = "<group>"; };
		EB528B362DAAE2F20036FA05 /* TrackerCategory.swift */ = {isa = PBXFileReference; lastKnownFileType = sourcecode.swift; path = TrackerCategory.swift; sourceTree = "<group>"; };
		EB528B382DAAE2FD0036FA05 /* TrackerRecord.swift */ = {isa = PBXFileReference; lastKnownFileType = sourcecode.swift; path = TrackerRecord.swift; sourceTree = "<group>"; };
		EB55B9852E71E02F00229E4B /* TrackerStore.swift */ = {isa = PBXFileReference; lastKnownFileType = sourcecode.swift; path = TrackerStore.swift; sourceTree = "<group>"; };
		EB55B9872E71E05100229E4B /* TrackerCategoryStore.swift */ = {isa = PBXFileReference; lastKnownFileType = sourcecode.swift; path = TrackerCategoryStore.swift; sourceTree = "<group>"; };
		EB55B9892E71E41900229E4B /* TrackerRecordStore.swift */ = {isa = PBXFileReference; lastKnownFileType = sourcecode.swift; path = TrackerRecordStore.swift; sourceTree = "<group>"; };
		EB6F5A9E2E79E27C000FEDC6 /* CreatingNewCategoryViewController.swift */ = {isa = PBXFileReference; lastKnownFileType = sourcecode.swift; path = CreatingNewCategoryViewController.swift; sourceTree = "<group>"; };
		EB70A40B2DEA5E5C00E5F441 /* CreatingTrackersViewController.swift */ = {isa = PBXFileReference; lastKnownFileType = sourcecode.swift; path = CreatingTrackersViewController.swift; sourceTree = "<group>"; };
		EB7E8A802E13F63400FD822A /* TrackerSectionHeaderView.swift */ = {isa = PBXFileReference; lastKnownFileType = sourcecode.swift; path = TrackerSectionHeaderView.swift; sourceTree = "<group>"; };
		EB80F51B2DF192BC00F33B7E /* ScheduleTableViewCell.swift */ = {isa = PBXFileReference; lastKnownFileType = sourcecode.swift; path = ScheduleTableViewCell.swift; sourceTree = "<group>"; };
		EB9233D92E8F452000EA6214 /* en */ = {isa = PBXFileReference; lastKnownFileType = text.plist.stringsdict; name = en; path = en.lproj/Localizable.stringsdict; sourceTree = "<group>"; };
		EB9233DB2E8F452500EA6214 /* ru */ = {isa = PBXFileReference; lastKnownFileType = text.plist.stringsdict; name = ru; path = ru.lproj/Localizable.stringsdict; sourceTree = "<group>"; };
		EB95C0962E75AE3C0089297F /* UIColor + ext.swift */ = {isa = PBXFileReference; lastKnownFileType = sourcecode.swift; path = "UIColor + ext.swift"; sourceTree = "<group>"; };
		EB9DD2CF2D9464B400B4AD5F /* TabBarController.swift */ = {isa = PBXFileReference; lastKnownFileType = sourcecode.swift; path = TabBarController.swift; sourceTree = "<group>"; };
		EB9DD2D12D9469A400B4AD5F /* TrackerViewController.swift */ = {isa = PBXFileReference; lastKnownFileType = sourcecode.swift; path = TrackerViewController.swift; sourceTree = "<group>"; };
		EB9DD2D32D9469C400B4AD5F /* StatisticViewController.swift */ = {isa = PBXFileReference; lastKnownFileType = sourcecode.swift; path = StatisticViewController.swift; sourceTree = "<group>"; };
		EBA2686E2DF0918E006C3600 /* ScheduleViewController.swift */ = {isa = PBXFileReference; lastKnownFileType = sourcecode.swift; path = ScheduleViewController.swift; sourceTree = "<group>"; };
		EBBC380E2E8ADD0E00D160A7 /* en */ = {isa = PBXFileReference; lastKnownFileType = text.plist.strings; name = en; path = en.lproj/Localizable.strings; sourceTree = "<group>"; };
		EBBC38102E8AE52100D160A7 /* ru */ = {isa = PBXFileReference; lastKnownFileType = text.plist.strings; name = ru; path = ru.lproj/LaunchScreen.strings; sourceTree = "<group>"; };
		EBBC38112E8AE52100D160A7 /* ru */ = {isa = PBXFileReference; lastKnownFileType = text.plist.strings; name = ru; path = ru.lproj/Localizable.strings; sourceTree = "<group>"; };
		EBDA92032E783B5E002A38A1 /* CategoryViewController.swift */ = {isa = PBXFileReference; lastKnownFileType = sourcecode.swift; path = CategoryViewController.swift; sourceTree = "<group>"; };
		EBDA92062E784688002A38A1 /* CategoryTableViewCell.swift */ = {isa = PBXFileReference; lastKnownFileType = sourcecode.swift; path = CategoryTableViewCell.swift; sourceTree = "<group>"; };
		EBDB5EE42E6E35B700ABEC1A /* TrackerCoreData.xcdatamodel */ = {isa = PBXFileReference; lastKnownFileType = wrapper.xcdatamodel; path = TrackerCoreData.xcdatamodel; sourceTree = "<group>"; };
		EBE31AA62E9496D200B30398 /* StatisticService.swift */ = {isa = PBXFileReference; lastKnownFileType = sourcecode.swift; path = StatisticService.swift; sourceTree = "<group>"; };
		EBE7BBFB2D920B7F00006499 /* Tracker.app */ = {isa = PBXFileReference; explicitFileType = wrapper.application; includeInIndex = 0; path = Tracker.app; sourceTree = BUILT_PRODUCTS_DIR; };
		EBE7BBFE2D920B7F00006499 /* AppDelegate.swift */ = {isa = PBXFileReference; lastKnownFileType = sourcecode.swift; path = AppDelegate.swift; sourceTree = "<group>"; };
		EBE7BC002D920B7F00006499 /* SceneDelegate.swift */ = {isa = PBXFileReference; lastKnownFileType = sourcecode.swift; path = SceneDelegate.swift; sourceTree = "<group>"; };
		EBE7BC072D920B8100006499 /* Assets.xcassets */ = {isa = PBXFileReference; lastKnownFileType = folder.assetcatalog; path = Assets.xcassets; sourceTree = "<group>"; };
		EBE7BC0A2D920B8100006499 /* Base */ = {isa = PBXFileReference; lastKnownFileType = file.storyboard; name = Base; path = Base.lproj/LaunchScreen.storyboard; sourceTree = "<group>"; };
		EBE7BC0C2D920B8100006499 /* Info.plist */ = {isa = PBXFileReference; lastKnownFileType = text.plist.xml; path = Info.plist; sourceTree = "<group>"; };
		EBFF09A02E1D2EFD00803D97 /* CreatingCollectionHeaderView.swift */ = {isa = PBXFileReference; lastKnownFileType = sourcecode.swift; path = CreatingCollectionHeaderView.swift; sourceTree = "<group>"; };
/* End PBXFileReference section */

/* Begin PBXFileSystemSynchronizedRootGroup section */
		EB4B6C8D2E97E9E5004E4018 /* TrackerTests */ = {isa = PBXFileSystemSynchronizedRootGroup; explicitFileTypes = {}; explicitFolders = (); path = TrackerTests; sourceTree = "<group>"; };
/* End PBXFileSystemSynchronizedRootGroup section */

/* Begin PBXFrameworksBuildPhase section */
		EB4B6C892E97E9E5004E4018 /* Frameworks */ = {
			isa = PBXFrameworksBuildPhase;
			buildActionMask = 2147483647;
			files = (
				EB4B6C9B2E97EB44004E4018 /* SnapshotTestingCustomDump in Frameworks */,
				EB4B6C972E97EB44004E4018 /* InlineSnapshotTesting in Frameworks */,
				EB4B6C992E97EB44004E4018 /* SnapshotTesting in Frameworks */,
			);
			runOnlyForDeploymentPostprocessing = 0;
		};
		EBE7BBF82D920B7F00006499 /* Frameworks */ = {
			isa = PBXFrameworksBuildPhase;
			buildActionMask = 2147483647;
			files = (
			);
			runOnlyForDeploymentPostprocessing = 0;
		};
/* End PBXFrameworksBuildPhase section */

/* Begin PBXGroup section */
		EB3797F42E8431E600FA7186 /* PageViewController */ = {
			isa = PBXGroup;
			children = (
				EB3797F72E84351600FA7186 /* SecondOnboardingViewController.swift */,
				EB3797F52E8434FE00FA7186 /* FirstOnboardingViewController.swift */,
				EB3797F22E8425CC00FA7186 /* OnboardingViewController.swift */,
			);
			path = PageViewController;
			sourceTree = "<group>";
		};
		EB39B3572E6F78230095648E /* CoreData */ = {
			isa = PBXGroup;
			children = (
				EB02EAA42E73411F00F07AD7 /* DataManagerDelegate.swift */,
				EB02EAA02E72E22A00F07AD7 /* DataManager.swift */,
				EB55B9842E71E01800229E4B /* CoreDataStore */,
			);
			path = CoreData;
			sourceTree = "<group>";
		};
		EB528B322DAAE2AF0036FA05 /* Models */ = {
			isa = PBXGroup;
			children = (
				EB0546A62E821C380099F876 /* CategoryViewModel.swift */,
				EB39B3572E6F78230095648E /* CoreData */,
				EB528B342DAAE2E20036FA05 /* Tracker.swift */,
				EB528B362DAAE2F20036FA05 /* TrackerCategory.swift */,
				EB528B382DAAE2FD0036FA05 /* TrackerRecord.swift */,
			);
			path = Models;
			sourceTree = "<group>";
		};
		EB55B9842E71E01800229E4B /* CoreDataStore */ = {
			isa = PBXGroup;
			children = (
				EB55B9892E71E41900229E4B /* TrackerRecordStore.swift */,
				EB55B9872E71E05100229E4B /* TrackerCategoryStore.swift */,
				EB55B9852E71E02F00229E4B /* TrackerStore.swift */,
			);
			path = CoreDataStore;
			sourceTree = "<group>";
		};
		EB6F3E332E14191E0077DEE7 /* UIColletionViewCells */ = {
			isa = PBXGroup;
			children = (
				EB06008F2E904D4B0048746C /* StatisticCollectionViewCell.swift */,
				EBFF09A02E1D2EFD00803D97 /* CreatingCollectionHeaderView.swift */,
				EB4B67F52E1ADEC90030F796 /* ColorCollectionViewCell.swift */,
				EB4B67F32E1ADEA50030F796 /* EmojiCollectionViewCell.swift */,
				EB7E8A802E13F63400FD822A /* TrackerSectionHeaderView.swift */,
				EB20A60F2E12EE9900695628 /* TrackerCollectionViewCell.swift */,
			);
			path = UIColletionViewCells;
			sourceTree = "<group>";
		};
		EB6F3E342E1419300077DEE7 /* UITableViewCells */ = {
			isa = PBXGroup;
			children = (
				EBDA92062E784688002A38A1 /* CategoryTableViewCell.swift */,
				EB80F51B2DF192BC00F33B7E /* ScheduleTableViewCell.swift */,
				EB2D90592DEF380000A92017 /* TextFieldTableViewCell.swift */,
				EB4F8F6D2E95BF02001D690C /* FiltersTableViewCell.swift */,
			);
			path = UITableViewCells;
			sourceTree = "<group>";
		};
		EB80F51D2DF1A12400F33B7E /* CastomCells */ = {
			isa = PBXGroup;
			children = (
				EB6F3E342E1419300077DEE7 /* UITableViewCells */,
				EB6F3E332E14191E0077DEE7 /* UIColletionViewCells */,
			);
			path = CastomCells;
			sourceTree = "<group>";
		};
		EB80F51E2DF1A15F00F33B7E /* ViewControllers */ = {
			isa = PBXGroup;
			children = (
				EB3797F42E8431E600FA7186 /* PageViewController */,
				EB6F5A9E2E79E27C000FEDC6 /* CreatingNewCategoryViewController.swift */,
				EBDA92032E783B5E002A38A1 /* CategoryViewController.swift */,
				EB9DD2D12D9469A400B4AD5F /* TrackerViewController.swift */,
				EB9DD2D32D9469C400B4AD5F /* StatisticViewController.swift */,
				EB18C7362DE90AEC00F2AB56 /* TrackerTypeViewController.swift */,
				EB70A40B2DEA5E5C00E5F441 /* CreatingTrackersViewController.swift */,
				EBA2686E2DF0918E006C3600 /* ScheduleViewController.swift */,
				EB4F8F6B2E95BCA3001D690C /* FiltersViewController.swift */,
				EB9DD2CF2D9464B400B4AD5F /* TabBarController.swift */,
			);
			path = ViewControllers;
			sourceTree = "<group>";
		};
		EBBC380C2E8ADCEC00D160A7 /* Resources */ = {
			isa = PBXGroup;
			children = (
				EBBC380D2E8ADD0E00D160A7 /* Localizable.strings */,
				EB9233D82E8F452000EA6214 /* Localizable.stringsdict */,
			);
			path = Resources;
			sourceTree = "<group>";
		};
		EBDA92052E783E49002A38A1 /* Helpers */ = {
			isa = PBXGroup;
			children = (
				EBE31AA62E9496D200B30398 /* StatisticService.swift */,
				EB95C0962E75AE3C0089297F /* UIColor + ext.swift */,
			);
			path = Helpers;
			sourceTree = "<group>";
		};
		EBE7BBF22D920B7F00006499 = {
			isa = PBXGroup;
			children = (
				EBDB5EE32E6E35B700ABEC1A /* TrackerCoreData.xcdatamodeld */,
				EBE7BBFD2D920B7F00006499 /* Tracker */,
				EB4B6C8D2E97E9E5004E4018 /* TrackerTests */,
				EBE7BBFC2D920B7F00006499 /* Products */,
			);
			sourceTree = "<group>";
		};
		EBE7BBFC2D920B7F00006499 /* Products */ = {
			isa = PBXGroup;
			children = (
				EBE7BBFB2D920B7F00006499 /* Tracker.app */,
				EB4B6C8C2E97E9E5004E4018 /* TrackerTests.xctest */,
			);
			name = Products;
			sourceTree = "<group>";
		};
		EBE7BBFD2D920B7F00006499 /* Tracker */ = {
			isa = PBXGroup;
			children = (
				EBBC380C2E8ADCEC00D160A7 /* Resources */,
				EBDA92052E783E49002A38A1 /* Helpers */,
				EB80F51E2DF1A15F00F33B7E /* ViewControllers */,
				EB80F51D2DF1A12400F33B7E /* CastomCells */,
				EB528B322DAAE2AF0036FA05 /* Models */,
				EBE7BBFE2D920B7F00006499 /* AppDelegate.swift */,
				EBE7BC002D920B7F00006499 /* SceneDelegate.swift */,
				EBE7BC072D920B8100006499 /* Assets.xcassets */,
				EBE7BC092D920B8100006499 /* LaunchScreen.storyboard */,
				EBE7BC0C2D920B8100006499 /* Info.plist */,
			);
			path = Tracker;
			sourceTree = "<group>";
		};
/* End PBXGroup section */

/* Begin PBXNativeTarget section */
		EB4B6C8B2E97E9E5004E4018 /* TrackerTests */ = {
			isa = PBXNativeTarget;
			buildConfigurationList = EB4B6C942E97E9E5004E4018 /* Build configuration list for PBXNativeTarget "TrackerTests" */;
			buildPhases = (
				EB4B6C882E97E9E5004E4018 /* Sources */,
				EB4B6C892E97E9E5004E4018 /* Frameworks */,
				EB4B6C8A2E97E9E5004E4018 /* Resources */,
			);
			buildRules = (
			);
			dependencies = (
				EB4B6C912E97E9E5004E4018 /* PBXTargetDependency */,
			);
			fileSystemSynchronizedGroups = (
				EB4B6C8D2E97E9E5004E4018 /* TrackerTests */,
			);
			name = TrackerTests;
			packageProductDependencies = (
				EB4B6C962E97EB44004E4018 /* InlineSnapshotTesting */,
				EB4B6C982E97EB44004E4018 /* SnapshotTesting */,
				EB4B6C9A2E97EB44004E4018 /* SnapshotTestingCustomDump */,
			);
			productName = TrackerTests;
			productReference = EB4B6C8C2E97E9E5004E4018 /* TrackerTests.xctest */;
			productType = "com.apple.product-type.bundle.unit-test";
		};
		EBE7BBFA2D920B7F00006499 /* Tracker */ = {
			isa = PBXNativeTarget;
			buildConfigurationList = EBE7BC0F2D920B8100006499 /* Build configuration list for PBXNativeTarget "Tracker" */;
			buildPhases = (
				EBE7BBF72D920B7F00006499 /* Sources */,
				EBE7BBF82D920B7F00006499 /* Frameworks */,
				EBE7BBF92D920B7F00006499 /* Resources */,
			);
			buildRules = (
			);
			dependencies = (
			);
			name = Tracker;
			productName = Tracker;
			productReference = EBE7BBFB2D920B7F00006499 /* Tracker.app */;
			productType = "com.apple.product-type.application";
		};
/* End PBXNativeTarget section */

/* Begin PBXProject section */
		EBE7BBF32D920B7F00006499 /* Project object */ = {
			isa = PBXProject;
			attributes = {
				BuildIndependentTargetsInParallel = 1;
				LastSwiftUpdateCheck = 1640;
				LastUpgradeCheck = 1640;
				TargetAttributes = {
					EB4B6C8B2E97E9E5004E4018 = {
						CreatedOnToolsVersion = 16.4;
						TestTargetID = EBE7BBFA2D920B7F00006499;
					};
					EBE7BBFA2D920B7F00006499 = {
						CreatedOnToolsVersion = 15.4;
					};
				};
			};
			buildConfigurationList = EBE7BBF62D920B7F00006499 /* Build configuration list for PBXProject "Tracker" */;
			compatibilityVersion = "Xcode 15.3";
			developmentRegion = en;
			hasScannedForEncodings = 0;
			knownRegions = (
				en,
				Base,
				ru,
			);
			mainGroup = EBE7BBF22D920B7F00006499;
			packageReferences = (
				EB4B6C952E97EB44004E4018 /* XCRemoteSwiftPackageReference "swift-snapshot-testing" */,
			);
			productRefGroup = EBE7BBFC2D920B7F00006499 /* Products */;
			projectDirPath = "";
			projectRoot = "";
			targets = (
				EBE7BBFA2D920B7F00006499 /* Tracker */,
				EB4B6C8B2E97E9E5004E4018 /* TrackerTests */,
			);
		};
/* End PBXProject section */

/* Begin PBXResourcesBuildPhase section */
		EB4B6C8A2E97E9E5004E4018 /* Resources */ = {
			isa = PBXResourcesBuildPhase;
			buildActionMask = 2147483647;
			files = (
			);
			runOnlyForDeploymentPostprocessing = 0;
		};
		EBE7BBF92D920B7F00006499 /* Resources */ = {
			isa = PBXResourcesBuildPhase;
			buildActionMask = 2147483647;
			files = (
				EBE7BC082D920B8100006499 /* Assets.xcassets in Resources */,
				EB9233DA2E8F452000EA6214 /* Localizable.stringsdict in Resources */,
				EBBC380F2E8ADD0E00D160A7 /* Localizable.strings in Resources */,
				EBE7BC0B2D920B8100006499 /* Base in Resources */,
			);
			runOnlyForDeploymentPostprocessing = 0;
		};
/* End PBXResourcesBuildPhase section */

/* Begin PBXSourcesBuildPhase section */
		EB4B6C882E97E9E5004E4018 /* Sources */ = {
			isa = PBXSourcesBuildPhase;
			buildActionMask = 2147483647;
			files = (
			);
			runOnlyForDeploymentPostprocessing = 0;
		};
		EBE7BBF72D920B7F00006499 /* Sources */ = {
			isa = PBXSourcesBuildPhase;
			buildActionMask = 2147483647;
			files = (
				EB4B67F62E1ADED20030F796 /* ColorCollectionViewCell.swift in Sources */,
				EB3797F32E8425D900FA7186 /* OnboardingViewController.swift in Sources */,
				EB55B9862E71E03300229E4B /* TrackerStore.swift in Sources */,
				EB7E8A812E13F63600FD822A /* TrackerSectionHeaderView.swift in Sources */,
				EB95C0972E75AE440089297F /* UIColor + ext.swift in Sources */,
				EB528B352DAAE2E20036FA05 /* Tracker.swift in Sources */,
				EB0600902E904D630048746C /* StatisticCollectionViewCell.swift in Sources */,
				EB80F51C2DF192BC00F33B7E /* ScheduleTableViewCell.swift in Sources */,
				EB4B67F42E1ADEC60030F796 /* EmojiCollectionViewCell.swift in Sources */,
				EB4F8F6C2E95BCB9001D690C /* FiltersViewController.swift in Sources */,
				EB528B392DAAE2FD0036FA05 /* TrackerRecord.swift in Sources */,
				EB9DD2D02D9464B400B4AD5F /* TabBarController.swift in Sources */,
				EB3797F82E84352200FA7186 /* SecondOnboardingViewController.swift in Sources */,
				EBA2686F2DF0918E006C3600 /* ScheduleViewController.swift in Sources */,
				EB02EAA12E72E23700F07AD7 /* DataManager.swift in Sources */,
				EB20A6102E12EEB300695628 /* TrackerCollectionViewCell.swift in Sources */,
				EBDB5EE52E6E35B700ABEC1A /* TrackerCoreData.xcdatamodeld in Sources */,
				EBE31AA72E9496D300B30398 /* StatisticService.swift in Sources */,
				EBE7BBFF2D920B7F00006499 /* AppDelegate.swift in Sources */,
				EB70A40C2DEA5E5C00E5F441 /* CreatingTrackersViewController.swift in Sources */,
				EB3797F62E84351000FA7186 /* FirstOnboardingViewController.swift in Sources */,
				EB2D905A2DEF380000A92017 /* TextFieldTableViewCell.swift in Sources */,
				EBFF09A12E1D2EFE00803D97 /* CreatingCollectionHeaderView.swift in Sources */,
				EB9DD2D22D9469A400B4AD5F /* TrackerViewController.swift in Sources */,
				EBE7BC012D920B7F00006499 /* SceneDelegate.swift in Sources */,
				EB55B98A2E71E41A00229E4B /* TrackerRecordStore.swift in Sources */,
				EBDA92042E783B90002A38A1 /* CategoryViewController.swift in Sources */,
				EB0546A72E821C3C0099F876 /* CategoryViewModel.swift in Sources */,
				EB55B9882E71E05200229E4B /* TrackerCategoryStore.swift in Sources */,
				EB6F5A9F2E79E298000FEDC6 /* CreatingNewCategoryViewController.swift in Sources */,
				EB02EAA52E73412800F07AD7 /* DataManagerDelegate.swift in Sources */,
				EB9DD2D42D9469C400B4AD5F /* StatisticViewController.swift in Sources */,
				EB18C7372DE90AEC00F2AB56 /* TrackerTypeViewController.swift in Sources */,
				EB4F8F6E2E95BF0F001D690C /* FiltersTableViewCell.swift in Sources */,
				EB528B372DAAE2F20036FA05 /* TrackerCategory.swift in Sources */,
				EBDA92072E784698002A38A1 /* CategoryTableViewCell.swift in Sources */,
			);
			runOnlyForDeploymentPostprocessing = 0;
		};
/* End PBXSourcesBuildPhase section */

/* Begin PBXTargetDependency section */
		EB4B6C912E97E9E5004E4018 /* PBXTargetDependency */ = {
			isa = PBXTargetDependency;
			target = EBE7BBFA2D920B7F00006499 /* Tracker */;
			targetProxy = EB4B6C902E97E9E5004E4018 /* PBXContainerItemProxy */;
		};
/* End PBXTargetDependency section */

/* Begin PBXVariantGroup section */
		EB9233D82E8F452000EA6214 /* Localizable.stringsdict */ = {
			isa = PBXVariantGroup;
			children = (
				EB9233D92E8F452000EA6214 /* en */,
				EB9233DB2E8F452500EA6214 /* ru */,
			);
			name = Localizable.stringsdict;
			sourceTree = "<group>";
		};
		EBBC380D2E8ADD0E00D160A7 /* Localizable.strings */ = {
			isa = PBXVariantGroup;
			children = (
				EBBC380E2E8ADD0E00D160A7 /* en */,
				EBBC38112E8AE52100D160A7 /* ru */,
			);
			name = Localizable.strings;
			sourceTree = "<group>";
		};
		EBE7BC092D920B8100006499 /* LaunchScreen.storyboard */ = {
			isa = PBXVariantGroup;
			children = (
				EBE7BC0A2D920B8100006499 /* Base */,
				EBBC38102E8AE52100D160A7 /* ru */,
			);
			name = LaunchScreen.storyboard;
			sourceTree = "<group>";
		};
/* End PBXVariantGroup section */

/* Begin XCBuildConfiguration section */
		EB4B6C922E97E9E5004E4018 /* Debug */ = {
			isa = XCBuildConfiguration;
			buildSettings = {
				BUNDLE_LOADER = "$(TEST_HOST)";
				CODE_SIGN_STYLE = Automatic;
				CURRENT_PROJECT_VERSION = 1;
				DEVELOPMENT_TEAM = 27577TPKK6;
				GENERATE_INFOPLIST_FILE = YES;
				IPHONEOS_DEPLOYMENT_TARGET = 18.5;
				MARKETING_VERSION = 1.0;
				PRODUCT_BUNDLE_IDENTIFIER = ru.yandex.practicum.TrackerTests;
				PRODUCT_NAME = "$(TARGET_NAME)";
				SWIFT_EMIT_LOC_STRINGS = NO;
				SWIFT_VERSION = 5.0;
				TARGETED_DEVICE_FAMILY = "1,2";
				TEST_HOST = "$(BUILT_PRODUCTS_DIR)/Tracker.app/$(BUNDLE_EXECUTABLE_FOLDER_PATH)/Tracker";
			};
			name = Debug;
		};
		EB4B6C932E97E9E5004E4018 /* Release */ = {
			isa = XCBuildConfiguration;
			buildSettings = {
				BUNDLE_LOADER = "$(TEST_HOST)";
				CODE_SIGN_STYLE = Automatic;
				CURRENT_PROJECT_VERSION = 1;
				DEVELOPMENT_TEAM = 27577TPKK6;
				GENERATE_INFOPLIST_FILE = YES;
				IPHONEOS_DEPLOYMENT_TARGET = 18.5;
				MARKETING_VERSION = 1.0;
				PRODUCT_BUNDLE_IDENTIFIER = ru.yandex.practicum.TrackerTests;
				PRODUCT_NAME = "$(TARGET_NAME)";
				SWIFT_EMIT_LOC_STRINGS = NO;
				SWIFT_VERSION = 5.0;
				TARGETED_DEVICE_FAMILY = "1,2";
				TEST_HOST = "$(BUILT_PRODUCTS_DIR)/Tracker.app/$(BUNDLE_EXECUTABLE_FOLDER_PATH)/Tracker";
			};
			name = Release;
		};
		EBE7BC0D2D920B8100006499 /* Debug */ = {
			isa = XCBuildConfiguration;
			buildSettings = {
				ALWAYS_SEARCH_USER_PATHS = NO;
				ASSETCATALOG_COMPILER_GENERATE_SWIFT_ASSET_SYMBOL_EXTENSIONS = YES;
				CLANG_ANALYZER_LOCALIZABILITY_NONLOCALIZED = YES;
				CLANG_ANALYZER_NONNULL = YES;
				CLANG_ANALYZER_NUMBER_OBJECT_CONVERSION = YES_AGGRESSIVE;
				CLANG_CXX_LANGUAGE_STANDARD = "gnu++20";
				CLANG_ENABLE_MODULES = YES;
				CLANG_ENABLE_OBJC_ARC = YES;
				CLANG_ENABLE_OBJC_WEAK = YES;
				CLANG_WARN_BLOCK_CAPTURE_AUTORELEASING = YES;
				CLANG_WARN_BOOL_CONVERSION = YES;
				CLANG_WARN_COMMA = YES;
				CLANG_WARN_CONSTANT_CONVERSION = YES;
				CLANG_WARN_DEPRECATED_OBJC_IMPLEMENTATIONS = YES;
				CLANG_WARN_DIRECT_OBJC_ISA_USAGE = YES_ERROR;
				CLANG_WARN_DOCUMENTATION_COMMENTS = YES;
				CLANG_WARN_EMPTY_BODY = YES;
				CLANG_WARN_ENUM_CONVERSION = YES;
				CLANG_WARN_INFINITE_RECURSION = YES;
				CLANG_WARN_INT_CONVERSION = YES;
				CLANG_WARN_NON_LITERAL_NULL_CONVERSION = YES;
				CLANG_WARN_OBJC_IMPLICIT_RETAIN_SELF = YES;
				CLANG_WARN_OBJC_LITERAL_CONVERSION = YES;
				CLANG_WARN_OBJC_ROOT_CLASS = YES_ERROR;
				CLANG_WARN_QUOTED_INCLUDE_IN_FRAMEWORK_HEADER = YES;
				CLANG_WARN_RANGE_LOOP_ANALYSIS = YES;
				CLANG_WARN_STRICT_PROTOTYPES = YES;
				CLANG_WARN_SUSPICIOUS_MOVE = YES;
				CLANG_WARN_UNGUARDED_AVAILABILITY = YES_AGGRESSIVE;
				CLANG_WARN_UNREACHABLE_CODE = YES;
				CLANG_WARN__DUPLICATE_METHOD_MATCH = YES;
				COPY_PHASE_STRIP = NO;
				DEBUG_INFORMATION_FORMAT = dwarf;
				DEVELOPMENT_TEAM = 27577TPKK6;
				ENABLE_STRICT_OBJC_MSGSEND = YES;
				ENABLE_TESTABILITY = YES;
				ENABLE_USER_SCRIPT_SANDBOXING = YES;
				GCC_C_LANGUAGE_STANDARD = gnu17;
				GCC_DYNAMIC_NO_PIC = NO;
				GCC_NO_COMMON_BLOCKS = YES;
				GCC_OPTIMIZATION_LEVEL = 0;
				GCC_PREPROCESSOR_DEFINITIONS = (
					"DEBUG=1",
					"$(inherited)",
				);
				GCC_WARN_64_TO_32_BIT_CONVERSION = YES;
				GCC_WARN_ABOUT_RETURN_TYPE = YES_ERROR;
				GCC_WARN_UNDECLARED_SELECTOR = YES;
				GCC_WARN_UNINITIALIZED_AUTOS = YES_AGGRESSIVE;
				GCC_WARN_UNUSED_FUNCTION = YES;
				GCC_WARN_UNUSED_VARIABLE = YES;
				IPHONEOS_DEPLOYMENT_TARGET = 17.5;
				LOCALIZATION_PREFERS_STRING_CATALOGS = YES;
				MTL_ENABLE_DEBUG_INFO = INCLUDE_SOURCE;
				MTL_FAST_MATH = YES;
				ONLY_ACTIVE_ARCH = YES;
				SDKROOT = iphoneos;
				SWIFT_ACTIVE_COMPILATION_CONDITIONS = "DEBUG $(inherited)";
				SWIFT_OPTIMIZATION_LEVEL = "-Onone";
			};
			name = Debug;
		};
		EBE7BC0E2D920B8100006499 /* Release */ = {
			isa = XCBuildConfiguration;
			buildSettings = {
				ALWAYS_SEARCH_USER_PATHS = NO;
				ASSETCATALOG_COMPILER_GENERATE_SWIFT_ASSET_SYMBOL_EXTENSIONS = YES;
				CLANG_ANALYZER_LOCALIZABILITY_NONLOCALIZED = YES;
				CLANG_ANALYZER_NONNULL = YES;
				CLANG_ANALYZER_NUMBER_OBJECT_CONVERSION = YES_AGGRESSIVE;
				CLANG_CXX_LANGUAGE_STANDARD = "gnu++20";
				CLANG_ENABLE_MODULES = YES;
				CLANG_ENABLE_OBJC_ARC = YES;
				CLANG_ENABLE_OBJC_WEAK = YES;
				CLANG_WARN_BLOCK_CAPTURE_AUTORELEASING = YES;
				CLANG_WARN_BOOL_CONVERSION = YES;
				CLANG_WARN_COMMA = YES;
				CLANG_WARN_CONSTANT_CONVERSION = YES;
				CLANG_WARN_DEPRECATED_OBJC_IMPLEMENTATIONS = YES;
				CLANG_WARN_DIRECT_OBJC_ISA_USAGE = YES_ERROR;
				CLANG_WARN_DOCUMENTATION_COMMENTS = YES;
				CLANG_WARN_EMPTY_BODY = YES;
				CLANG_WARN_ENUM_CONVERSION = YES;
				CLANG_WARN_INFINITE_RECURSION = YES;
				CLANG_WARN_INT_CONVERSION = YES;
				CLANG_WARN_NON_LITERAL_NULL_CONVERSION = YES;
				CLANG_WARN_OBJC_IMPLICIT_RETAIN_SELF = YES;
				CLANG_WARN_OBJC_LITERAL_CONVERSION = YES;
				CLANG_WARN_OBJC_ROOT_CLASS = YES_ERROR;
				CLANG_WARN_QUOTED_INCLUDE_IN_FRAMEWORK_HEADER = YES;
				CLANG_WARN_RANGE_LOOP_ANALYSIS = YES;
				CLANG_WARN_STRICT_PROTOTYPES = YES;
				CLANG_WARN_SUSPICIOUS_MOVE = YES;
				CLANG_WARN_UNGUARDED_AVAILABILITY = YES_AGGRESSIVE;
				CLANG_WARN_UNREACHABLE_CODE = YES;
				CLANG_WARN__DUPLICATE_METHOD_MATCH = YES;
				COPY_PHASE_STRIP = NO;
				DEBUG_INFORMATION_FORMAT = "dwarf-with-dsym";
				DEVELOPMENT_TEAM = 27577TPKK6;
				ENABLE_NS_ASSERTIONS = NO;
				ENABLE_STRICT_OBJC_MSGSEND = YES;
				ENABLE_USER_SCRIPT_SANDBOXING = YES;
				GCC_C_LANGUAGE_STANDARD = gnu17;
				GCC_NO_COMMON_BLOCKS = YES;
				GCC_WARN_64_TO_32_BIT_CONVERSION = YES;
				GCC_WARN_ABOUT_RETURN_TYPE = YES_ERROR;
				GCC_WARN_UNDECLARED_SELECTOR = YES;
				GCC_WARN_UNINITIALIZED_AUTOS = YES_AGGRESSIVE;
				GCC_WARN_UNUSED_FUNCTION = YES;
				GCC_WARN_UNUSED_VARIABLE = YES;
				IPHONEOS_DEPLOYMENT_TARGET = 17.5;
				LOCALIZATION_PREFERS_STRING_CATALOGS = YES;
				MTL_ENABLE_DEBUG_INFO = NO;
				MTL_FAST_MATH = YES;
				SDKROOT = iphoneos;
				SWIFT_COMPILATION_MODE = wholemodule;
				VALIDATE_PRODUCT = YES;
			};
			name = Release;
		};
		EBE7BC102D920B8100006499 /* Debug */ = {
			isa = XCBuildConfiguration;
			buildSettings = {
				ASSETCATALOG_COMPILER_APPICON_NAME = AppIcon;
				ASSETCATALOG_COMPILER_GLOBAL_ACCENT_COLOR_NAME = AccentColor;
				CODE_SIGN_STYLE = Automatic;
				CURRENT_PROJECT_VERSION = 1;
				GENERATE_INFOPLIST_FILE = YES;
				INFOPLIST_FILE = Tracker/Info.plist;
				INFOPLIST_KEY_UIApplicationSupportsIndirectInputEvents = YES;
				INFOPLIST_KEY_UILaunchStoryboardName = LaunchScreen;
				INFOPLIST_KEY_UISupportedInterfaceOrientations_iPad = "UIInterfaceOrientationPortrait UIInterfaceOrientationPortraitUpsideDown UIInterfaceOrientationLandscapeLeft UIInterfaceOrientationLandscapeRight";
				INFOPLIST_KEY_UISupportedInterfaceOrientations_iPhone = "UIInterfaceOrientationPortrait UIInterfaceOrientationLandscapeLeft UIInterfaceOrientationLandscapeRight";
				IPHONEOS_DEPLOYMENT_TARGET = 17.0;
				LD_RUNPATH_SEARCH_PATHS = (
					"$(inherited)",
					"@executable_path/Frameworks",
				);
				MARKETING_VERSION = 1.0;
				PRODUCT_BUNDLE_IDENTIFIER = ru.yandex.practicum.Trackers;
				PRODUCT_NAME = "$(TARGET_NAME)";
				SUPPORTED_PLATFORMS = "iphoneos iphonesimulator";
				SUPPORTS_MACCATALYST = NO;
				SUPPORTS_XR_DESIGNED_FOR_IPHONE_IPAD = NO;
				SWIFT_EMIT_LOC_STRINGS = YES;
				SWIFT_VERSION = 5.0;
				TARGETED_DEVICE_FAMILY = 1;
			};
			name = Debug;
		};
		EBE7BC112D920B8100006499 /* Release */ = {
			isa = XCBuildConfiguration;
			buildSettings = {
				ASSETCATALOG_COMPILER_APPICON_NAME = AppIcon;
				ASSETCATALOG_COMPILER_GLOBAL_ACCENT_COLOR_NAME = AccentColor;
				CODE_SIGN_STYLE = Automatic;
				CURRENT_PROJECT_VERSION = 1;
				GENERATE_INFOPLIST_FILE = YES;
				INFOPLIST_FILE = Tracker/Info.plist;
				INFOPLIST_KEY_UIApplicationSupportsIndirectInputEvents = YES;
				INFOPLIST_KEY_UILaunchStoryboardName = LaunchScreen;
				INFOPLIST_KEY_UISupportedInterfaceOrientations_iPad = "UIInterfaceOrientationPortrait UIInterfaceOrientationPortraitUpsideDown UIInterfaceOrientationLandscapeLeft UIInterfaceOrientationLandscapeRight";
				INFOPLIST_KEY_UISupportedInterfaceOrientations_iPhone = "UIInterfaceOrientationPortrait UIInterfaceOrientationLandscapeLeft UIInterfaceOrientationLandscapeRight";
				IPHONEOS_DEPLOYMENT_TARGET = 17.0;
				LD_RUNPATH_SEARCH_PATHS = (
					"$(inherited)",
					"@executable_path/Frameworks",
				);
				MARKETING_VERSION = 1.0;
				PRODUCT_BUNDLE_IDENTIFIER = ru.yandex.practicum.Tracker;
				PRODUCT_NAME = "$(TARGET_NAME)";
				SUPPORTED_PLATFORMS = "iphoneos iphonesimulator";
				SUPPORTS_MACCATALYST = NO;
				SUPPORTS_XR_DESIGNED_FOR_IPHONE_IPAD = NO;
				SWIFT_EMIT_LOC_STRINGS = YES;
				SWIFT_VERSION = 5.0;
				TARGETED_DEVICE_FAMILY = 1;
			};
			name = Release;
		};
/* End XCBuildConfiguration section */

/* Begin XCConfigurationList section */
		EB4B6C942E97E9E5004E4018 /* Build configuration list for PBXNativeTarget "TrackerTests" */ = {
			isa = XCConfigurationList;
			buildConfigurations = (
				EB4B6C922E97E9E5004E4018 /* Debug */,
				EB4B6C932E97E9E5004E4018 /* Release */,
			);
			defaultConfigurationIsVisible = 0;
			defaultConfigurationName = Release;
		};
		EBE7BBF62D920B7F00006499 /* Build configuration list for PBXProject "Tracker" */ = {
			isa = XCConfigurationList;
			buildConfigurations = (
				EBE7BC0D2D920B8100006499 /* Debug */,
				EBE7BC0E2D920B8100006499 /* Release */,
			);
			defaultConfigurationIsVisible = 0;
			defaultConfigurationName = Release;
		};
		EBE7BC0F2D920B8100006499 /* Build configuration list for PBXNativeTarget "Tracker" */ = {
			isa = XCConfigurationList;
			buildConfigurations = (
				EBE7BC102D920B8100006499 /* Debug */,
				EBE7BC112D920B8100006499 /* Release */,
			);
			defaultConfigurationIsVisible = 0;
			defaultConfigurationName = Release;
		};
/* End XCConfigurationList section */

/* Begin XCRemoteSwiftPackageReference section */
		EB4B6C952E97EB44004E4018 /* XCRemoteSwiftPackageReference "swift-snapshot-testing" */ = {
			isa = XCRemoteSwiftPackageReference;
			repositoryURL = "https://github.com/pointfreeco/swift-snapshot-testing";
			requirement = {
				kind = upToNextMajorVersion;
				minimumVersion = 1.18.7;
			};
		};
/* End XCRemoteSwiftPackageReference section */

/* Begin XCSwiftPackageProductDependency section */
		EB4B6C962E97EB44004E4018 /* InlineSnapshotTesting */ = {
			isa = XCSwiftPackageProductDependency;
			package = EB4B6C952E97EB44004E4018 /* XCRemoteSwiftPackageReference "swift-snapshot-testing" */;
			productName = InlineSnapshotTesting;
		};
		EB4B6C982E97EB44004E4018 /* SnapshotTesting */ = {
			isa = XCSwiftPackageProductDependency;
			package = EB4B6C952E97EB44004E4018 /* XCRemoteSwiftPackageReference "swift-snapshot-testing" */;
			productName = SnapshotTesting;
		};
		EB4B6C9A2E97EB44004E4018 /* SnapshotTestingCustomDump */ = {
			isa = XCSwiftPackageProductDependency;
			package = EB4B6C952E97EB44004E4018 /* XCRemoteSwiftPackageReference "swift-snapshot-testing" */;
			productName = SnapshotTestingCustomDump;
		};
/* End XCSwiftPackageProductDependency section */

/* Begin XCVersionGroup section */
		EBDB5EE32E6E35B700ABEC1A /* TrackerCoreData.xcdatamodeld */ = {
			isa = XCVersionGroup;
			children = (
				EBDB5EE42E6E35B700ABEC1A /* TrackerCoreData.xcdatamodel */,
			);
			currentVersion = EBDB5EE42E6E35B700ABEC1A /* TrackerCoreData.xcdatamodel */;
			path = TrackerCoreData.xcdatamodeld;
			sourceTree = "<group>";
			versionGroupType = wrapper.xcdatamodel;
		};
/* End XCVersionGroup section */
	};
	rootObject = EBE7BBF32D920B7F00006499 /* Project object */;
}
