// !$*UTF8*$!
{
	archiveVersion = 1;
	classes = {
	};
	objectVersion = 63;
	objects = {

/* Begin PBXBuildFile section */
		EB18C7372DE90AEC00F2AB56 /* TrackerTypeViewController.swift in Sources */ = {isa = PBXBuildFile; fileRef = EB18C7362DE90AEC00F2AB56 /* TrackerTypeViewController.swift */; };
		EB20A6102E12EEB300695628 /* TrackerCollectionViewCell.swift in Sources */ = {isa = PBXBuildFile; fileRef = EB20A60F2E12EE9900695628 /* TrackerCollectionViewCell.swift */; };
		EB2D905A2DEF380000A92017 /* TextFieldTableViewCell.swift in Sources */ = {isa = PBXBuildFile; fileRef = EB2D90592DEF380000A92017 /* TextFieldTableViewCell.swift */; };
		EB528B352DAAE2E20036FA05 /* Tracker.swift in Sources */ = {isa = PBXBuildFile; fileRef = EB528B342DAAE2E20036FA05 /* Tracker.swift */; };
		EB528B372DAAE2F20036FA05 /* TrackerCategory.swift in Sources */ = {isa = PBXBuildFile; fileRef = EB528B362DAAE2F20036FA05 /* TrackerCategory.swift */; };
		EB528B392DAAE2FD0036FA05 /* TrackerRecord.swift in Sources */ = {isa = PBXBuildFile; fileRef = EB528B382DAAE2FD0036FA05 /* TrackerRecord.swift */; };
		EB70A40C2DEA5E5C00E5F441 /* CreatingTrackersViewController.swift in Sources */ = {isa = PBXBuildFile; fileRef = EB70A40B2DEA5E5C00E5F441 /* CreatingTrackersViewController.swift */; };
		EB7E8A812E13F63600FD822A /* TrackerSectionHeaderView.swift in Sources */ = {isa = PBXBuildFile; fileRef = EB7E8A802E13F63400FD822A /* TrackerSectionHeaderView.swift */; };
		EB80F51C2DF192BC00F33B7E /* ScheduleTableViewCell.swift in Sources */ = {isa = PBXBuildFile; fileRef = EB80F51B2DF192BC00F33B7E /* ScheduleTableViewCell.swift */; };
		EB9DD2D02D9464B400B4AD5F /* TabBarController.swift in Sources */ = {isa = PBXBuildFile; fileRef = EB9DD2CF2D9464B400B4AD5F /* TabBarController.swift */; };
		EB9DD2D22D9469A400B4AD5F /* TrackerViewController.swift in Sources */ = {isa = PBXBuildFile; fileRef = EB9DD2D12D9469A400B4AD5F /* TrackerViewController.swift */; };
		EB9DD2D42D9469C400B4AD5F /* StatisticViewController.swift in Sources */ = {isa = PBXBuildFile; fileRef = EB9DD2D32D9469C400B4AD5F /* StatisticViewController.swift */; };
		EBA2686F2DF0918E006C3600 /* ScheduleViewController.swift in Sources */ = {isa = PBXBuildFile; fileRef = EBA2686E2DF0918E006C3600 /* ScheduleViewController.swift */; };
		EBE7BBFF2D920B7F00006499 /* AppDelegate.swift in Sources */ = {isa = PBXBuildFile; fileRef = EBE7BBFE2D920B7F00006499 /* AppDelegate.swift */; };
		EBE7BC012D920B7F00006499 /* SceneDelegate.swift in Sources */ = {isa = PBXBuildFile; fileRef = EBE7BC002D920B7F00006499 /* SceneDelegate.swift */; };
		EBE7BC082D920B8100006499 /* Assets.xcassets in Resources */ = {isa = PBXBuildFile; fileRef = EBE7BC072D920B8100006499 /* Assets.xcassets */; };
		EBE7BC0B2D920B8100006499 /* Base in Resources */ = {isa = PBXBuildFile; fileRef = EBE7BC0A2D920B8100006499 /* Base */; };
/* End PBXBuildFile section */

/* Begin PBXFileReference section */
		EB18C7362DE90AEC00F2AB56 /* TrackerTypeViewController.swift */ = {isa = PBXFileReference; lastKnownFileType = sourcecode.swift; path = TrackerTypeViewController.swift; sourceTree = "<group>"; };
		EB20A60F2E12EE9900695628 /* TrackerCollectionViewCell.swift */ = {isa = PBXFileReference; lastKnownFileType = sourcecode.swift; path = TrackerCollectionViewCell.swift; sourceTree = "<group>"; };
		EB2D90592DEF380000A92017 /* TextFieldTableViewCell.swift */ = {isa = PBXFileReference; lastKnownFileType = sourcecode.swift; path = TextFieldTableViewCell.swift; sourceTree = "<group>"; };
		EB528B342DAAE2E20036FA05 /* Tracker.swift */ = {isa = PBXFileReference; lastKnownFileType = sourcecode.swift; path = Tracker.swift; sourceTree = "<group>"; };
		EB528B362DAAE2F20036FA05 /* TrackerCategory.swift */ = {isa = PBXFileReference; lastKnownFileType = sourcecode.swift; path = TrackerCategory.swift; sourceTree = "<group>"; };
		EB528B382DAAE2FD0036FA05 /* TrackerRecord.swift */ = {isa = PBXFileReference; lastKnownFileType = sourcecode.swift; path = TrackerRecord.swift; sourceTree = "<group>"; };
		EB70A40B2DEA5E5C00E5F441 /* CreatingTrackersViewController.swift */ = {isa = PBXFileReference; lastKnownFileType = sourcecode.swift; path = CreatingTrackersViewController.swift; sourceTree = "<group>"; };
		EB7E8A802E13F63400FD822A /* TrackerSectionHeaderView.swift */ = {isa = PBXFileReference; lastKnownFileType = sourcecode.swift; path = TrackerSectionHeaderView.swift; sourceTree = "<group>"; };
		EB80F51B2DF192BC00F33B7E /* ScheduleTableViewCell.swift */ = {isa = PBXFileReference; lastKnownFileType = sourcecode.swift; path = ScheduleTableViewCell.swift; sourceTree = "<group>"; };
		EB9DD2CF2D9464B400B4AD5F /* TabBarController.swift */ = {isa = PBXFileReference; lastKnownFileType = sourcecode.swift; path = TabBarController.swift; sourceTree = "<group>"; };
		EB9DD2D12D9469A400B4AD5F /* TrackerViewController.swift */ = {isa = PBXFileReference; lastKnownFileType = sourcecode.swift; path = TrackerViewController.swift; sourceTree = "<group>"; };
		EB9DD2D32D9469C400B4AD5F /* StatisticViewController.swift */ = {isa = PBXFileReference; lastKnownFileType = sourcecode.swift; path = StatisticViewController.swift; sourceTree = "<group>"; };
		EBA2686E2DF0918E006C3600 /* ScheduleViewController.swift */ = {isa = PBXFileReference; lastKnownFileType = sourcecode.swift; path = ScheduleViewController.swift; sourceTree = "<group>"; };
		EBE7BBFB2D920B7F00006499 /* Tracker.app */ = {isa = PBXFileReference; explicitFileType = wrapper.application; includeInIndex = 0; path = Tracker.app; sourceTree = BUILT_PRODUCTS_DIR; };
		EBE7BBFE2D920B7F00006499 /* AppDelegate.swift */ = {isa = PBXFileReference; lastKnownFileType = sourcecode.swift; path = AppDelegate.swift; sourceTree = "<group>"; };
		EBE7BC002D920B7F00006499 /* SceneDelegate.swift */ = {isa = PBXFileReference; lastKnownFileType = sourcecode.swift; path = SceneDelegate.swift; sourceTree = "<group>"; };
		EBE7BC072D920B8100006499 /* Assets.xcassets */ = {isa = PBXFileReference; lastKnownFileType = folder.assetcatalog; path = Assets.xcassets; sourceTree = "<group>"; };
		EBE7BC0A2D920B8100006499 /* Base */ = {isa = PBXFileReference; lastKnownFileType = file.storyboard; name = Base; path = Base.lproj/LaunchScreen.storyboard; sourceTree = "<group>"; };
		EBE7BC0C2D920B8100006499 /* Info.plist */ = {isa = PBXFileReference; lastKnownFileType = text.plist.xml; path = Info.plist; sourceTree = "<group>"; };
/* End PBXFileReference section */

/* Begin PBXFrameworksBuildPhase section */
		EBE7BBF82D920B7F00006499 /* Frameworks */ = {
			isa = PBXFrameworksBuildPhase;
			buildActionMask = 2147483647;
			files = (
			);
			runOnlyForDeploymentPostprocessing = 0;
		};
/* End PBXFrameworksBuildPhase section */

/* Begin PBXGroup section */
		EB528B322DAAE2AF0036FA05 /* Models */ = {
			isa = PBXGroup;
			children = (
				EB528B342DAAE2E20036FA05 /* Tracker.swift */,
				EB528B362DAAE2F20036FA05 /* TrackerCategory.swift */,
				EB528B382DAAE2FD0036FA05 /* TrackerRecord.swift */,
			);
			path = Models;
			sourceTree = "<group>";
		};
		EB6F3E332E14191E0077DEE7 /* UIColletionViewCells */ = {
			isa = PBXGroup;
			children = (
				EB7E8A802E13F63400FD822A /* TrackerSectionHeaderView.swift */,
				EB20A60F2E12EE9900695628 /* TrackerCollectionViewCell.swift */,
			);
			path = UIColletionViewCells;
			sourceTree = "<group>";
		};
		EB6F3E342E1419300077DEE7 /* UITableViewCells */ = {
			isa = PBXGroup;
			children = (
				EB80F51B2DF192BC00F33B7E /* ScheduleTableViewCell.swift */,
				EB2D90592DEF380000A92017 /* TextFieldTableViewCell.swift */,
			);
			path = UITableViewCells;
			sourceTree = "<group>";
		};
		EB80F51D2DF1A12400F33B7E /* CastomCells */ = {
			isa = PBXGroup;
			children = (
				EB6F3E342E1419300077DEE7 /* UITableViewCells */,
				EB6F3E332E14191E0077DEE7 /* UIColletionViewCells */,
			);
			path = CastomCells;
			sourceTree = "<group>";
		};
		EB80F51E2DF1A15F00F33B7E /* ViewControllers */ = {
			isa = PBXGroup;
			children = (
				EB9DD2D12D9469A400B4AD5F /* TrackerViewController.swift */,
				EB9DD2D32D9469C400B4AD5F /* StatisticViewController.swift */,
				EB18C7362DE90AEC00F2AB56 /* TrackerTypeViewController.swift */,
				EB70A40B2DEA5E5C00E5F441 /* CreatingTrackersViewController.swift */,
				EBA2686E2DF0918E006C3600 /* ScheduleViewController.swift */,
				EB9DD2CF2D9464B400B4AD5F /* TabBarController.swift */,
			);
			path = ViewControllers;
			sourceTree = "<group>";
		};
		EBE7BBF22D920B7F00006499 = {
			isa = PBXGroup;
			children = (
				EBE7BBFD2D920B7F00006499 /* Tracker */,
				EBE7BBFC2D920B7F00006499 /* Products */,
			);
			sourceTree = "<group>";
		};
		EBE7BBFC2D920B7F00006499 /* Products */ = {
			isa = PBXGroup;
			children = (
				EBE7BBFB2D920B7F00006499 /* Tracker.app */,
			);
			name = Products;
			sourceTree = "<group>";
		};
		EBE7BBFD2D920B7F00006499 /* Tracker */ = {
			isa = PBXGroup;
			children = (
				EB80F51E2DF1A15F00F33B7E /* ViewControllers */,
				EB80F51D2DF1A12400F33B7E /* CastomCells */,
				EB528B322DAAE2AF0036FA05 /* Models */,
				EBE7BBFE2D920B7F00006499 /* AppDelegate.swift */,
				EBE7BC002D920B7F00006499 /* SceneDelegate.swift */,
				EBE7BC072D920B8100006499 /* Assets.xcassets */,
				EBE7BC092D920B8100006499 /* LaunchScreen.storyboard */,
				EBE7BC0C2D920B8100006499 /* Info.plist */,
			);
			path = Tracker;
			sourceTree = "<group>";
		};
/* End PBXGroup section */

/* Begin PBXNativeTarget section */
		EBE7BBFA2D920B7F00006499 /* Tracker */ = {
			isa = PBXNativeTarget;
			buildConfigurationList = EBE7BC0F2D920B8100006499 /* Build configuration list for PBXNativeTarget "Tracker" */;
			buildPhases = (
				EBE7BBF72D920B7F00006499 /* Sources */,
				EBE7BBF82D920B7F00006499 /* Frameworks */,
				EBE7BBF92D920B7F00006499 /* Resources */,
			);
			buildRules = (
			);
			dependencies = (
			);
			name = Tracker;
			productName = Tracker;
			productReference = EBE7BBFB2D920B7F00006499 /* Tracker.app */;
			productType = "com.apple.product-type.application";
		};
/* End PBXNativeTarget section */

/* Begin PBXProject section */
		EBE7BBF32D920B7F00006499 /* Project object */ = {
			isa = PBXProject;
			attributes = {
				BuildIndependentTargetsInParallel = 1;
				LastSwiftUpdateCheck = 1540;
				LastUpgradeCheck = 1640;
				TargetAttributes = {
					EBE7BBFA2D920B7F00006499 = {
						CreatedOnToolsVersion = 15.4;
					};
				};
			};
			buildConfigurationList = EBE7BBF62D920B7F00006499 /* Build configuration list for PBXProject "Tracker" */;
			compatibilityVersion = "Xcode 15.3";
			developmentRegion = en;
			hasScannedForEncodings = 0;
			knownRegions = (
				en,
				Base,
			);
			mainGroup = EBE7BBF22D920B7F00006499;
			productRefGroup = EBE7BBFC2D920B7F00006499 /* Products */;
			projectDirPath = "";
			projectRoot = "";
			targets = (
				EBE7BBFA2D920B7F00006499 /* Tracker */,
			);
		};
/* End PBXProject section */

/* Begin PBXResourcesBuildPhase section */
		EBE7BBF92D920B7F00006499 /* Resources */ = {
			isa = PBXResourcesBuildPhase;
			buildActionMask = 2147483647;
			files = (
				EBE7BC082D920B8100006499 /* Assets.xcassets in Resources */,
				EBE7BC0B2D920B8100006499 /* Base in Resources */,
			);
			runOnlyForDeploymentPostprocessing = 0;
		};
/* End PBXResourcesBuildPhase section */

/* Begin PBXSourcesBuildPhase section */
		EBE7BBF72D920B7F00006499 /* Sources */ = {
			isa = PBXSourcesBuildPhase;
			buildActionMask = 2147483647;
			files = (
				EB7E8A812E13F63600FD822A /* TrackerSectionHeaderView.swift in Sources */,
				EB528B352DAAE2E20036FA05 /* Tracker.swift in Sources */,
				EB80F51C2DF192BC00F33B7E /* ScheduleTableViewCell.swift in Sources */,
				EB528B392DAAE2FD0036FA05 /* TrackerRecord.swift in Sources */,
				EB9DD2D02D9464B400B4AD5F /* TabBarController.swift in Sources */,
				EBA2686F2DF0918E006C3600 /* ScheduleViewController.swift in Sources */,
				EB20A6102E12EEB300695628 /* TrackerCollectionViewCell.swift in Sources */,
				EBE7BBFF2D920B7F00006499 /* AppDelegate.swift in Sources */,
				EB70A40C2DEA5E5C00E5F441 /* CreatingTrackersViewController.swift in Sources */,
				EB2D905A2DEF380000A92017 /* TextFieldTableViewCell.swift in Sources */,
				EB9DD2D22D9469A400B4AD5F /* TrackerViewController.swift in Sources */,
				EBE7BC012D920B7F00006499 /* SceneDelegate.swift in Sources */,
				EB9DD2D42D9469C400B4AD5F /* StatisticViewController.swift in Sources */,
				EB18C7372DE90AEC00F2AB56 /* TrackerTypeViewController.swift in Sources */,
				EB528B372DAAE2F20036FA05 /* TrackerCategory.swift in Sources */,
			);
			runOnlyForDeploymentPostprocessing = 0;
		};
/* End PBXSourcesBuildPhase section */

/* Begin PBXVariantGroup section */
		EBE7BC092D920B8100006499 /* LaunchScreen.storyboard */ = {
			isa = PBXVariantGroup;
			children = (
				EBE7BC0A2D920B8100006499 /* Base */,
			);
			name = LaunchScreen.storyboard;
			sourceTree = "<group>";
		};
/* End PBXVariantGroup section */

/* Begin XCBuildConfiguration section */
		EBE7BC0D2D920B8100006499 /* Debug */ = {
			isa = XCBuildConfiguration;
			buildSettings = {
				ALWAYS_SEARCH_USER_PATHS = NO;
				ASSETCATALOG_COMPILER_GENERATE_SWIFT_ASSET_SYMBOL_EXTENSIONS = YES;
				CLANG_ANALYZER_NONNULL = YES;
				CLANG_ANALYZER_NUMBER_OBJECT_CONVERSION = YES_AGGRESSIVE;
				CLANG_CXX_LANGUAGE_STANDARD = "gnu++20";
				CLANG_ENABLE_MODULES = YES;
				CLANG_ENABLE_OBJC_ARC = YES;
				CLANG_ENABLE_OBJC_WEAK = YES;
				CLANG_WARN_BLOCK_CAPTURE_AUTORELEASING = YES;
				CLANG_WARN_BOOL_CONVERSION = YES;
				CLANG_WARN_COMMA = YES;
				CLANG_WARN_CONSTANT_CONVERSION = YES;
				CLANG_WARN_DEPRECATED_OBJC_IMPLEMENTATIONS = YES;
				CLANG_WARN_DIRECT_OBJC_ISA_USAGE = YES_ERROR;
				CLANG_WARN_DOCUMENTATION_COMMENTS = YES;
				CLANG_WARN_EMPTY_BODY = YES;
				CLANG_WARN_ENUM_CONVERSION = YES;
				CLANG_WARN_INFINITE_RECURSION = YES;
				CLANG_WARN_INT_CONVERSION = YES;
				CLANG_WARN_NON_LITERAL_NULL_CONVERSION = YES;
				CLANG_WARN_OBJC_IMPLICIT_RETAIN_SELF = YES;
				CLANG_WARN_OBJC_LITERAL_CONVERSION = YES;
				CLANG_WARN_OBJC_ROOT_CLASS = YES_ERROR;
				CLANG_WARN_QUOTED_INCLUDE_IN_FRAMEWORK_HEADER = YES;
				CLANG_WARN_RANGE_LOOP_ANALYSIS = YES;
				CLANG_WARN_STRICT_PROTOTYPES = YES;
				CLANG_WARN_SUSPICIOUS_MOVE = YES;
				CLANG_WARN_UNGUARDED_AVAILABILITY = YES_AGGRESSIVE;
				CLANG_WARN_UNREACHABLE_CODE = YES;
				CLANG_WARN__DUPLICATE_METHOD_MATCH = YES;
				COPY_PHASE_STRIP = NO;
				DEBUG_INFORMATION_FORMAT = dwarf;
				DEVELOPMENT_TEAM = 27577TPKK6;
				ENABLE_STRICT_OBJC_MSGSEND = YES;
				ENABLE_TESTABILITY = YES;
				ENABLE_USER_SCRIPT_SANDBOXING = YES;
				GCC_C_LANGUAGE_STANDARD = gnu17;
				GCC_DYNAMIC_NO_PIC = NO;
				GCC_NO_COMMON_BLOCKS = YES;
				GCC_OPTIMIZATION_LEVEL = 0;
				GCC_PREPROCESSOR_DEFINITIONS = (
					"DEBUG=1",
					"$(inherited)",
				);
				GCC_WARN_64_TO_32_BIT_CONVERSION = YES;
				GCC_WARN_ABOUT_RETURN_TYPE = YES_ERROR;
				GCC_WARN_UNDECLARED_SELECTOR = YES;
				GCC_WARN_UNINITIALIZED_AUTOS = YES_AGGRESSIVE;
				GCC_WARN_UNUSED_FUNCTION = YES;
				GCC_WARN_UNUSED_VARIABLE = YES;
				IPHONEOS_DEPLOYMENT_TARGET = 17.5;
				LOCALIZATION_PREFERS_STRING_CATALOGS = YES;
				MTL_ENABLE_DEBUG_INFO = INCLUDE_SOURCE;
				MTL_FAST_MATH = YES;
				ONLY_ACTIVE_ARCH = YES;
				SDKROOT = iphoneos;
				SWIFT_ACTIVE_COMPILATION_CONDITIONS = "DEBUG $(inherited)";
				SWIFT_OPTIMIZATION_LEVEL = "-Onone";
			};
			name = Debug;
		};
		EBE7BC0E2D920B8100006499 /* Release */ = {
			isa = XCBuildConfiguration;
			buildSettings = {
				ALWAYS_SEARCH_USER_PATHS = NO;
				ASSETCATALOG_COMPILER_GENERATE_SWIFT_ASSET_SYMBOL_EXTENSIONS = YES;
				CLANG_ANALYZER_NONNULL = YES;
				CLANG_ANALYZER_NUMBER_OBJECT_CONVERSION = YES_AGGRESSIVE;
				CLANG_CXX_LANGUAGE_STANDARD = "gnu++20";
				CLANG_ENABLE_MODULES = YES;
				CLANG_ENABLE_OBJC_ARC = YES;
				CLANG_ENABLE_OBJC_WEAK = YES;
				CLANG_WARN_BLOCK_CAPTURE_AUTORELEASING = YES;
				CLANG_WARN_BOOL_CONVERSION = YES;
				CLANG_WARN_COMMA = YES;
				CLANG_WARN_CONSTANT_CONVERSION = YES;
				CLANG_WARN_DEPRECATED_OBJC_IMPLEMENTATIONS = YES;
				CLANG_WARN_DIRECT_OBJC_ISA_USAGE = YES_ERROR;
				CLANG_WARN_DOCUMENTATION_COMMENTS = YES;
				CLANG_WARN_EMPTY_BODY = YES;
				CLANG_WARN_ENUM_CONVERSION = YES;
				CLANG_WARN_INFINITE_RECURSION = YES;
				CLANG_WARN_INT_CONVERSION = YES;
				CLANG_WARN_NON_LITERAL_NULL_CONVERSION = YES;
				CLANG_WARN_OBJC_IMPLICIT_RETAIN_SELF = YES;
				CLANG_WARN_OBJC_LITERAL_CONVERSION = YES;
				CLANG_WARN_OBJC_ROOT_CLASS = YES_ERROR;
				CLANG_WARN_QUOTED_INCLUDE_IN_FRAMEWORK_HEADER = YES;
				CLANG_WARN_RANGE_LOOP_ANALYSIS = YES;
				CLANG_WARN_STRICT_PROTOTYPES = YES;
				CLANG_WARN_SUSPICIOUS_MOVE = YES;
				CLANG_WARN_UNGUARDED_AVAILABILITY = YES_AGGRESSIVE;
				CLANG_WARN_UNREACHABLE_CODE = YES;
				CLANG_WARN__DUPLICATE_METHOD_MATCH = YES;
				COPY_PHASE_STRIP = NO;
				DEBUG_INFORMATION_FORMAT = "dwarf-with-dsym";
				DEVELOPMENT_TEAM = 27577TPKK6;
				ENABLE_NS_ASSERTIONS = NO;
				ENABLE_STRICT_OBJC_MSGSEND = YES;
				ENABLE_USER_SCRIPT_SANDBOXING = YES;
				GCC_C_LANGUAGE_STANDARD = gnu17;
				GCC_NO_COMMON_BLOCKS = YES;
				GCC_WARN_64_TO_32_BIT_CONVERSION = YES;
				GCC_WARN_ABOUT_RETURN_TYPE = YES_ERROR;
				GCC_WARN_UNDECLARED_SELECTOR = YES;
				GCC_WARN_UNINITIALIZED_AUTOS = YES_AGGRESSIVE;
				GCC_WARN_UNUSED_FUNCTION = YES;
				GCC_WARN_UNUSED_VARIABLE = YES;
				IPHONEOS_DEPLOYMENT_TARGET = 17.5;
				LOCALIZATION_PREFERS_STRING_CATALOGS = YES;
				MTL_ENABLE_DEBUG_INFO = NO;
				MTL_FAST_MATH = YES;
				SDKROOT = iphoneos;
				SWIFT_COMPILATION_MODE = wholemodule;
				VALIDATE_PRODUCT = YES;
			};
			name = Release;
		};
		EBE7BC102D920B8100006499 /* Debug */ = {
			isa = XCBuildConfiguration;
			buildSettings = {
				ASSETCATALOG_COMPILER_APPICON_NAME = AppIcon;
				ASSETCATALOG_COMPILER_GLOBAL_ACCENT_COLOR_NAME = AccentColor;
				CODE_SIGN_STYLE = Automatic;
				CURRENT_PROJECT_VERSION = 1;
				GENERATE_INFOPLIST_FILE = YES;
				INFOPLIST_FILE = Tracker/Info.plist;
				INFOPLIST_KEY_UIApplicationSupportsIndirectInputEvents = YES;
				INFOPLIST_KEY_UILaunchStoryboardName = LaunchScreen;
				INFOPLIST_KEY_UISupportedInterfaceOrientations_iPad = "UIInterfaceOrientationPortrait UIInterfaceOrientationPortraitUpsideDown UIInterfaceOrientationLandscapeLeft UIInterfaceOrientationLandscapeRight";
				INFOPLIST_KEY_UISupportedInterfaceOrientations_iPhone = "UIInterfaceOrientationPortrait UIInterfaceOrientationLandscapeLeft UIInterfaceOrientationLandscapeRight";
				IPHONEOS_DEPLOYMENT_TARGET = 17.0;
				LD_RUNPATH_SEARCH_PATHS = (
					"$(inherited)",
					"@executable_path/Frameworks",
				);
				MARKETING_VERSION = 1.0;
				PRODUCT_BUNDLE_IDENTIFIER = ru.yandex.practicum.Trackers;
				PRODUCT_NAME = "$(TARGET_NAME)";
				SUPPORTED_PLATFORMS = "iphoneos iphonesimulator";
				SUPPORTS_MACCATALYST = NO;
				SUPPORTS_XR_DESIGNED_FOR_IPHONE_IPAD = NO;
				SWIFT_EMIT_LOC_STRINGS = YES;
				SWIFT_VERSION = 5.0;
				TARGETED_DEVICE_FAMILY = 1;
			};
			name = Debug;
		};
		EBE7BC112D920B8100006499 /* Release */ = {
			isa = XCBuildConfiguration;
			buildSettings = {
				ASSETCATALOG_COMPILER_APPICON_NAME = AppIcon;
				ASSETCATALOG_COMPILER_GLOBAL_ACCENT_COLOR_NAME = AccentColor;
				CODE_SIGN_STYLE = Automatic;
				CURRENT_PROJECT_VERSION = 1;
				GENERATE_INFOPLIST_FILE = YES;
				INFOPLIST_FILE = Tracker/Info.plist;
				INFOPLIST_KEY_UIApplicationSupportsIndirectInputEvents = YES;
				INFOPLIST_KEY_UILaunchStoryboardName = LaunchScreen;
				INFOPLIST_KEY_UISupportedInterfaceOrientations_iPad = "UIInterfaceOrientationPortrait UIInterfaceOrientationPortraitUpsideDown UIInterfaceOrientationLandscapeLeft UIInterfaceOrientationLandscapeRight";
				INFOPLIST_KEY_UISupportedInterfaceOrientations_iPhone = "UIInterfaceOrientationPortrait UIInterfaceOrientationLandscapeLeft UIInterfaceOrientationLandscapeRight";
				IPHONEOS_DEPLOYMENT_TARGET = 17.0;
				LD_RUNPATH_SEARCH_PATHS = (
					"$(inherited)",
					"@executable_path/Frameworks",
				);
				MARKETING_VERSION = 1.0;
				PRODUCT_BUNDLE_IDENTIFIER = ru.yandex.practicum.Tracker;
				PRODUCT_NAME = "$(TARGET_NAME)";
				SUPPORTED_PLATFORMS = "iphoneos iphonesimulator";
				SUPPORTS_MACCATALYST = NO;
				SUPPORTS_XR_DESIGNED_FOR_IPHONE_IPAD = NO;
				SWIFT_EMIT_LOC_STRINGS = YES;
				SWIFT_VERSION = 5.0;
				TARGETED_DEVICE_FAMILY = 1;
			};
			name = Release;
		};
/* End XCBuildConfiguration section */

/* Begin XCConfigurationList section */
		EBE7BBF62D920B7F00006499 /* Build configuration list for PBXProject "Tracker" */ = {
			isa = XCConfigurationList;
			buildConfigurations = (
				EBE7BC0D2D920B8100006499 /* Debug */,
				EBE7BC0E2D920B8100006499 /* Release */,
			);
			defaultConfigurationIsVisible = 0;
			defaultConfigurationName = Release;
		};
		EBE7BC0F2D920B8100006499 /* Build configuration list for PBXNativeTarget "Tracker" */ = {
			isa = XCConfigurationList;
			buildConfigurations = (
				EBE7BC102D920B8100006499 /* Debug */,
				EBE7BC112D920B8100006499 /* Release */,
			);
			defaultConfigurationIsVisible = 0;
			defaultConfigurationName = Release;
		};
/* End XCConfigurationList section */
	};
	rootObject = EBE7BBF32D920B7F00006499 /* Project object */;
}
